// !$*UTF8*$!
{
	archiveVersion = 1;
	classes = {
	};
	objectVersion = 50;
	objects = {

/* Begin PBXBuildFile section */
		75E90E2D253F129600DD1033 /* SwiftUI_FaceIDDemoApp.swift in Sources */ = {isa = PBXBuildFile; fileRef = 75E90E1A253F129400DD1033 /* SwiftUI_FaceIDDemoApp.swift */; };
		75E90E2E253F129600DD1033 /* SwiftUI_FaceIDDemoApp.swift in Sources */ = {isa = PBXBuildFile; fileRef = 75E90E1A253F129400DD1033 /* SwiftUI_FaceIDDemoApp.swift */; };
		75E90E2F253F129600DD1033 /* ContentView.swift in Sources */ = {isa = PBXBuildFile; fileRef = 75E90E1B253F129400DD1033 /* ContentView.swift */; };
		75E90E30253F129600DD1033 /* ContentView.swift in Sources */ = {isa = PBXBuildFile; fileRef = 75E90E1B253F129400DD1033 /* ContentView.swift */; };
		75E90E31253F129600DD1033 /* Assets.xcassets in Resources */ = {isa = PBXBuildFile; fileRef = 75E90E1C253F129600DD1033 /* Assets.xcassets */; };
		75E90E32253F129600DD1033 /* Assets.xcassets in Resources */ = {isa = PBXBuildFile; fileRef = 75E90E1C253F129600DD1033 /* Assets.xcassets */; };
		75E90E43253F13F400DD1033 /* AuthRepository.swift in Sources */ = {isa = PBXBuildFile; fileRef = 75E90E42253F13F400DD1033 /* AuthRepository.swift */; };
		75E90E44253F13F400DD1033 /* AuthRepository.swift in Sources */ = {isa = PBXBuildFile; fileRef = 75E90E42253F13F400DD1033 /* AuthRepository.swift */; };
/* End PBXBuildFile section */

/* Begin PBXFileReference section */
		75E90E1A253F129400DD1033 /* SwiftUI_FaceIDDemoApp.swift */ = {isa = PBXFileReference; lastKnownFileType = sourcecode.swift; path = SwiftUI_FaceIDDemoApp.swift; sourceTree = "<group>"; };
		75E90E1B253F129400DD1033 /* ContentView.swift */ = {isa = PBXFileReference; lastKnownFileType = sourcecode.swift; path = ContentView.swift; sourceTree = "<group>"; };
		75E90E1C253F129600DD1033 /* Assets.xcassets */ = {isa = PBXFileReference; lastKnownFileType = folder.assetcatalog; path = Assets.xcassets; sourceTree = "<group>"; };
		75E90E21253F129600DD1033 /* SwiftUI-FaceIDDemo.app */ = {isa = PBXFileReference; explicitFileType = wrapper.application; includeInIndex = 0; path = "SwiftUI-FaceIDDemo.app"; sourceTree = BUILT_PRODUCTS_DIR; };
		75E90E24253F129600DD1033 /* Info.plist */ = {isa = PBXFileReference; lastKnownFileType = text.plist.xml; path = Info.plist; sourceTree = "<group>"; };
		75E90E29253F129600DD1033 /* SwiftUI-FaceIDDemo.app */ = {isa = PBXFileReference; explicitFileType = wrapper.application; includeInIndex = 0; path = "SwiftUI-FaceIDDemo.app"; sourceTree = BUILT_PRODUCTS_DIR; };
		75E90E2B253F129600DD1033 /* Info.plist */ = {isa = PBXFileReference; lastKnownFileType = text.plist.xml; path = Info.plist; sourceTree = "<group>"; };
		75E90E2C253F129600DD1033 /* macOS.entitlements */ = {isa = PBXFileReference; lastKnownFileType = text.plist.entitlements; path = macOS.entitlements; sourceTree = "<group>"; };
		75E90E42253F13F400DD1033 /* AuthRepository.swift */ = {isa = PBXFileReference; lastKnownFileType = sourcecode.swift; path = AuthRepository.swift; sourceTree = "<group>"; };
/* End PBXFileReference section */

/* Begin PBXFrameworksBuildPhase section */
		75E90E1E253F129600DD1033 /* Frameworks */ = {
			isa = PBXFrameworksBuildPhase;
			buildActionMask = 2147483647;
			files = (
			);
			runOnlyForDeploymentPostprocessing = 0;
		};
		75E90E26253F129600DD1033 /* Frameworks */ = {
			isa = PBXFrameworksBuildPhase;
			buildActionMask = 2147483647;
			files = (
			);
			runOnlyForDeploymentPostprocessing = 0;
		};
/* End PBXFrameworksBuildPhase section */

/* Begin PBXGroup section */
		75E90E14253F129400DD1033 = {
			isa = PBXGroup;
			children = (
				75E90E19253F129400DD1033 /* Shared */,
				75E90E23253F129600DD1033 /* iOS */,
				75E90E2A253F129600DD1033 /* macOS */,
				75E90E22253F129600DD1033 /* Products */,
			);
			sourceTree = "<group>";
		};
		75E90E19253F129400DD1033 /* Shared */ = {
			isa = PBXGroup;
			children = (
				75E90E1A253F129400DD1033 /* SwiftUI_FaceIDDemoApp.swift */,
				75E90E1B253F129400DD1033 /* ContentView.swift */,
				75E90E42253F13F400DD1033 /* AuthRepository.swift */,
				75E90E1C253F129600DD1033 /* Assets.xcassets */,
			);
			path = Shared;
			sourceTree = "<group>";
		};
		75E90E22253F129600DD1033 /* Products */ = {
			isa = PBXGroup;
			children = (
				75E90E21253F129600DD1033 /* SwiftUI-FaceIDDemo.app */,
				75E90E29253F129600DD1033 /* SwiftUI-FaceIDDemo.app */,
			);
			name = Products;
			sourceTree = "<group>";
		};
		75E90E23253F129600DD1033 /* iOS */ = {
			isa = PBXGroup;
			children = (
				75E90E24253F129600DD1033 /* Info.plist */,
			);
			path = iOS;
			sourceTree = "<group>";
		};
		75E90E2A253F129600DD1033 /* macOS */ = {
			isa = PBXGroup;
			children = (
				75E90E2B253F129600DD1033 /* Info.plist */,
				75E90E2C253F129600DD1033 /* macOS.entitlements */,
			);
			path = macOS;
			sourceTree = "<group>";
		};
/* End PBXGroup section */

/* Begin PBXNativeTarget section */
		75E90E20253F129600DD1033 /* SwiftUI-FaceIDDemo (iOS) */ = {
			isa = PBXNativeTarget;
			buildConfigurationList = 75E90E35253F129600DD1033 /* Build configuration list for PBXNativeTarget "SwiftUI-FaceIDDemo (iOS)" */;
			buildPhases = (
				75E90E1D253F129600DD1033 /* Sources */,
				75E90E1E253F129600DD1033 /* Frameworks */,
				75E90E1F253F129600DD1033 /* Resources */,
			);
			buildRules = (
			);
			dependencies = (
			);
			name = "SwiftUI-FaceIDDemo (iOS)";
			productName = "SwiftUI-FaceIDDemo (iOS)";
			productReference = 75E90E21253F129600DD1033 /* SwiftUI-FaceIDDemo.app */;
			productType = "com.apple.product-type.application";
		};
		75E90E28253F129600DD1033 /* SwiftUI-FaceIDDemo (macOS) */ = {
			isa = PBXNativeTarget;
			buildConfigurationList = 75E90E38253F129600DD1033 /* Build configuration list for PBXNativeTarget "SwiftUI-FaceIDDemo (macOS)" */;
			buildPhases = (
				75E90E25253F129600DD1033 /* Sources */,
				75E90E26253F129600DD1033 /* Frameworks */,
				75E90E27253F129600DD1033 /* Resources */,
			);
			buildRules = (
			);
			dependencies = (
			);
			name = "SwiftUI-FaceIDDemo (macOS)";
			productName = "SwiftUI-FaceIDDemo (macOS)";
			productReference = 75E90E29253F129600DD1033 /* SwiftUI-FaceIDDemo.app */;
			productType = "com.apple.product-type.application";
		};
/* End PBXNativeTarget section */

/* Begin PBXProject section */
		75E90E15253F129400DD1033 /* Project object */ = {
			isa = PBXProject;
			attributes = {
				LastSwiftUpdateCheck = 1220;
				LastUpgradeCheck = 1220;
				TargetAttributes = {
					75E90E20253F129600DD1033 = {
						CreatedOnToolsVersion = 12.2;
					};
					75E90E28253F129600DD1033 = {
						CreatedOnToolsVersion = 12.2;
					};
				};
			};
			buildConfigurationList = 75E90E18253F129400DD1033 /* Build configuration list for PBXProject "SwiftUI-FaceIDDemo" */;
			compatibilityVersion = "Xcode 9.3";
			developmentRegion = en;
			hasScannedForEncodings = 0;
			knownRegions = (
				en,
				Base,
			);
			mainGroup = 75E90E14253F129400DD1033;
			productRefGroup = 75E90E22253F129600DD1033 /* Products */;
			projectDirPath = "";
			projectRoot = "";
			targets = (
				75E90E20253F129600DD1033 /* SwiftUI-FaceIDDemo (iOS) */,
				75E90E28253F129600DD1033 /* SwiftUI-FaceIDDemo (macOS) */,
			);
		};
/* End PBXProject section */

/* Begin PBXResourcesBuildPhase section */
		75E90E1F253F129600DD1033 /* Resources */ = {
			isa = PBXResourcesBuildPhase;
			buildActionMask = 2147483647;
			files = (
				75E90E31253F129600DD1033 /* Assets.xcassets in Resources */,
			);
			runOnlyForDeploymentPostprocessing = 0;
		};
		75E90E27253F129600DD1033 /* Resources */ = {
			isa = PBXResourcesBuildPhase;
			buildActionMask = 2147483647;
			files = (
				75E90E32253F129600DD1033 /* Assets.xcassets in Resources */,
			);
			runOnlyForDeploymentPostprocessing = 0;
		};
/* End PBXResourcesBuildPhase section */

/* Begin PBXSourcesBuildPhase section */
		75E90E1D253F129600DD1033 /* Sources */ = {
			isa = PBXSourcesBuildPhase;
			buildActionMask = 2147483647;
			files = (
				75E90E2F253F129600DD1033 /* ContentView.swift in Sources */,
				75E90E2D253F129600DD1033 /* SwiftUI_FaceIDDemoApp.swift in Sources */,
				75E90E43253F13F400DD1033 /* AuthRepository.swift in Sources */,
			);
			runOnlyForDeploymentPostprocessing = 0;
		};
		75E90E25253F129600DD1033 /* Sources */ = {
			isa = PBXSourcesBuildPhase;
			buildActionMask = 2147483647;
			files = (
				75E90E30253F129600DD1033 /* ContentView.swift in Sources */,
				75E90E2E253F129600DD1033 /* SwiftUI_FaceIDDemoApp.swift in Sources */,
				75E90E44253F13F400DD1033 /* AuthRepository.swift in Sources */,
			);
			runOnlyForDeploymentPostprocessing = 0;
		};
/* End PBXSourcesBuildPhase section */

/* Begin XCBuildConfiguration section */
		75E90E33253F129600DD1033 /* Debug */ = {
			isa = XCBuildConfiguration;
			buildSettings = {
				ALWAYS_SEARCH_USER_PATHS = NO;
				CLANG_ANALYZER_NONNULL = YES;
				CLANG_ANALYZER_NUMBER_OBJECT_CONVERSION = YES_AGGRESSIVE;
				CLANG_CXX_LANGUAGE_STANDARD = "gnu++14";
				CLANG_CXX_LIBRARY = "libc++";
				CLANG_ENABLE_MODULES = YES;
				CLANG_ENABLE_OBJC_ARC = YES;
				CLANG_ENABLE_OBJC_WEAK = YES;
				CLANG_WARN_BLOCK_CAPTURE_AUTORELEASING = YES;
				CLANG_WARN_BOOL_CONVERSION = YES;
				CLANG_WARN_COMMA = YES;
				CLANG_WARN_CONSTANT_CONVERSION = YES;
				CLANG_WARN_DEPRECATED_OBJC_IMPLEMENTATIONS = YES;
				CLANG_WARN_DIRECT_OBJC_ISA_USAGE = YES_ERROR;
				CLANG_WARN_DOCUMENTATION_COMMENTS = YES;
				CLANG_WARN_EMPTY_BODY = YES;
				CLANG_WARN_ENUM_CONVERSION = YES;
				CLANG_WARN_INFINITE_RECURSION = YES;
				CLANG_WARN_INT_CONVERSION = YES;
				CLANG_WARN_NON_LITERAL_NULL_CONVERSION = YES;
				CLANG_WARN_OBJC_IMPLICIT_RETAIN_SELF = YES;
				CLANG_WARN_OBJC_LITERAL_CONVERSION = YES;
				CLANG_WARN_OBJC_ROOT_CLASS = YES_ERROR;
				CLANG_WARN_QUOTED_INCLUDE_IN_FRAMEWORK_HEADER = YES;
				CLANG_WARN_RANGE_LOOP_ANALYSIS = YES;
				CLANG_WARN_STRICT_PROTOTYPES = YES;
				CLANG_WARN_SUSPICIOUS_MOVE = YES;
				CLANG_WARN_UNGUARDED_AVAILABILITY = YES_AGGRESSIVE;
				CLANG_WARN_UNREACHABLE_CODE = YES;
				CLANG_WARN__DUPLICATE_METHOD_MATCH = YES;
				COPY_PHASE_STRIP = NO;
				DEBUG_INFORMATION_FORMAT = dwarf;
				ENABLE_STRICT_OBJC_MSGSEND = YES;
				ENABLE_TESTABILITY = YES;
				GCC_C_LANGUAGE_STANDARD = gnu11;
				GCC_DYNAMIC_NO_PIC = NO;
				GCC_NO_COMMON_BLOCKS = YES;
				GCC_OPTIMIZATION_LEVEL = 0;
				GCC_PREPROCESSOR_DEFINITIONS = (
					"DEBUG=1",
					"$(inherited)",
				);
				GCC_WARN_64_TO_32_BIT_CONVERSION = YES;
				GCC_WARN_ABOUT_RETURN_TYPE = YES_ERROR;
				GCC_WARN_UNDECLARED_SELECTOR = YES;
				GCC_WARN_UNINITIALIZED_AUTOS = YES_AGGRESSIVE;
				GCC_WARN_UNUSED_FUNCTION = YES;
				GCC_WARN_UNUSED_VARIABLE = YES;
				MTL_ENABLE_DEBUG_INFO = INCLUDE_SOURCE;
				MTL_FAST_MATH = YES;
				ONLY_ACTIVE_ARCH = YES;
				SWIFT_ACTIVE_COMPILATION_CONDITIONS = DEBUG;
				SWIFT_OPTIMIZATION_LEVEL = "-Onone";
			};
			name = Debug;
		};
		75E90E34253F129600DD1033 /* Release */ = {
			isa = XCBuildConfiguration;
			buildSettings = {
				ALWAYS_SEARCH_USER_PATHS = NO;
				CLANG_ANALYZER_NONNULL = YES;
				CLANG_ANALYZER_NUMBER_OBJECT_CONVERSION = YES_AGGRESSIVE;
				CLANG_CXX_LANGUAGE_STANDARD = "gnu++14";
				CLANG_CXX_LIBRARY = "libc++";
				CLANG_ENABLE_MODULES = YES;
				CLANG_ENABLE_OBJC_ARC = YES;
				CLANG_ENABLE_OBJC_WEAK = YES;
				CLANG_WARN_BLOCK_CAPTURE_AUTORELEASING = YES;
				CLANG_WARN_BOOL_CONVERSION = YES;
				CLANG_WARN_COMMA = YES;
				CLANG_WARN_CONSTANT_CONVERSION = YES;
				CLANG_WARN_DEPRECATED_OBJC_IMPLEMENTATIONS = YES;
				CLANG_WARN_DIRECT_OBJC_ISA_USAGE = YES_ERROR;
				CLANG_WARN_DOCUMENTATION_COMMENTS = YES;
				CLANG_WARN_EMPTY_BODY = YES;
				CLANG_WARN_ENUM_CONVERSION = YES;
				CLANG_WARN_INFINITE_RECURSION = YES;
				CLANG_WARN_INT_CONVERSION = YES;
				CLANG_WARN_NON_LITERAL_NULL_CONVERSION = YES;
				CLANG_WARN_OBJC_IMPLICIT_RETAIN_SELF = YES;
				CLANG_WARN_OBJC_LITERAL_CONVERSION = YES;
				CLANG_WARN_OBJC_ROOT_CLASS = YES_ERROR;
				CLANG_WARN_QUOTED_INCLUDE_IN_FRAMEWORK_HEADER = YES;
				CLANG_WARN_RANGE_LOOP_ANALYSIS = YES;
				CLANG_WARN_STRICT_PROTOTYPES = YES;
				CLANG_WARN_SUSPICIOUS_MOVE = YES;
				CLANG_WARN_UNGUARDED_AVAILABILITY = YES_AGGRESSIVE;
				CLANG_WARN_UNREACHABLE_CODE = YES;
				CLANG_WARN__DUPLICATE_METHOD_MATCH = YES;
				COPY_PHASE_STRIP = NO;
				DEBUG_INFORMATION_FORMAT = "dwarf-with-dsym";
				ENABLE_NS_ASSERTIONS = NO;
				ENABLE_STRICT_OBJC_MSGSEND = YES;
				GCC_C_LANGUAGE_STANDARD = gnu11;
				GCC_NO_COMMON_BLOCKS = YES;
				GCC_WARN_64_TO_32_BIT_CONVERSION = YES;
				GCC_WARN_ABOUT_RETURN_TYPE = YES_ERROR;
				GCC_WARN_UNDECLARED_SELECTOR = YES;
				GCC_WARN_UNINITIALIZED_AUTOS = YES_AGGRESSIVE;
				GCC_WARN_UNUSED_FUNCTION = YES;
				GCC_WARN_UNUSED_VARIABLE = YES;
				MTL_ENABLE_DEBUG_INFO = NO;
				MTL_FAST_MATH = YES;
				SWIFT_COMPILATION_MODE = wholemodule;
				SWIFT_OPTIMIZATION_LEVEL = "-O";
			};
			name = Release;
		};
		75E90E36253F129600DD1033 /* Debug */ = {
			isa = XCBuildConfiguration;
			buildSettings = {
				ASSETCATALOG_COMPILER_APPICON_NAME = AppIcon;
				ASSETCATALOG_COMPILER_GLOBAL_ACCENT_COLOR_NAME = AccentColor;
				CODE_SIGN_STYLE = Automatic;
				DEVELOPMENT_TEAM = 8JZVD3Y56B;
				ENABLE_PREVIEWS = YES;
				INFOPLIST_FILE = iOS/Info.plist;
				IPHONEOS_DEPLOYMENT_TARGET = 14.0;
				LD_RUNPATH_SEARCH_PATHS = (
					"$(inherited)",
					"@executable_path/Frameworks",
				);
				PRODUCT_BUNDLE_IDENTIFIER = "com.babamoneybook.SwiftUI-FaceIDDemo";
				PRODUCT_NAME = "SwiftUI-FaceIDDemo";
				SDKROOT = iphoneos;
				SWIFT_VERSION = 5.0;
				TARGETED_DEVICE_FAMILY = "1,2";
			};
			name = Debug;
		};
		75E90E37253F129600DD1033 /* Release */ = {
			isa = XCBuildConfiguration;
			buildSettings = {
				ASSETCATALOG_COMPILER_APPICON_NAME = AppIcon;
				ASSETCATALOG_COMPILER_GLOBAL_ACCENT_COLOR_NAME = AccentColor;
				CODE_SIGN_STYLE = Automatic;
				DEVELOPMENT_TEAM = 8JZVD3Y56B;
				ENABLE_PREVIEWS = YES;
				INFOPLIST_FILE = iOS/Info.plist;
				IPHONEOS_DEPLOYMENT_TARGET = 14.0;
				LD_RUNPATH_SEARCH_PATHS = (
					"$(inherited)",
					"@executable_path/Frameworks",
				);
				PRODUCT_BUNDLE_IDENTIFIER = "com.babamoneybook.SwiftUI-FaceIDDemo";
				PRODUCT_NAME = "SwiftUI-FaceIDDemo";
				SDKROOT = iphoneos;
				SWIFT_VERSION = 5.0;
				TARGETED_DEVICE_FAMILY = "1,2";
				VALIDATE_PRODUCT = YES;
			};
			name = Release;
		};
		75E90E39253F129600DD1033 /* Debug */ = {
			isa = XCBuildConfiguration;
			buildSettings = {
				ASSETCATALOG_COMPILER_APPICON_NAME = AppIcon;
				ASSETCATALOG_COMPILER_GLOBAL_ACCENT_COLOR_NAME = AccentColor;
				CODE_SIGN_ENTITLEMENTS = macOS/macOS.entitlements;
				CODE_SIGN_STYLE = Automatic;
				COMBINE_HIDPI_IMAGES = YES;
				DEVELOPMENT_TEAM = 8JZVD3Y56B;
				ENABLE_HARDENED_RUNTIME = YES;
				ENABLE_PREVIEWS = YES;
				INFOPLIST_FILE = macOS/Info.plist;
				LD_RUNPATH_SEARCH_PATHS = (
					"$(inherited)",
					"@executable_path/../Frameworks",
				);
				MACOSX_DEPLOYMENT_TARGET = 11.0;
				PRODUCT_BUNDLE_IDENTIFIER = "com.babamoneybook.SwiftUI-FaceIDDemo";
				PRODUCT_NAME = "SwiftUI-FaceIDDemo";
				SDKROOT = macosx;
				SWIFT_VERSION = 5.0;
			};
			name = Debug;
		};
		75E90E3A253F129600DD1033 /* Release */ = {
			isa = XCBuildConfiguration;
			buildSettings = {
				ASSETCATALOG_COMPILER_APPICON_NAME = AppIcon;
				ASSETCATALOG_COMPILER_GLOBAL_ACCENT_COLOR_NAME = AccentColor;
				CODE_SIGN_ENTITLEMENTS = macOS/macOS.entitlements;
				CODE_SIGN_STYLE = Automatic;
				COMBINE_HIDPI_IMAGES = YES;
				DEVELOPMENT_TEAM = 8JZVD3Y56B;
				ENABLE_HARDENED_RUNTIME = YES;
				ENABLE_PREVIEWS = YES;
				INFOPLIST_FILE = macOS/Info.plist;
				LD_RUNPATH_SEARCH_PATHS = (
					"$(inherited)",
					"@executable_path/../Frameworks",
				);
				MACOSX_DEPLOYMENT_TARGET = 11.0;
				PRODUCT_BUNDLE_IDENTIFIER = "com.babamoneybook.SwiftUI-FaceIDDemo";
				PRODUCT_NAME = "SwiftUI-FaceIDDemo";
				SDKROOT = macosx;
				SWIFT_VERSION = 5.0;
			};
			name = Release;
		};
/* End XCBuildConfiguration section */

/* Begin XCConfigurationList section */
		75E90E18253F129400DD1033 /* Build configuration list for PBXProject "SwiftUI-FaceIDDemo" */ = {
			isa = XCConfigurationList;
			buildConfigurations = (
				75E90E33253F129600DD1033 /* Debug */,
				75E90E34253F129600DD1033 /* Release */,
			);
			defaultConfigurationIsVisible = 0;
			defaultConfigurationName = Release;
		};
		75E90E35253F129600DD1033 /* Build configuration list for PBXNativeTarget "SwiftUI-FaceIDDemo (iOS)" */ = {
			isa = XCConfigurationList;
			buildConfigurations = (
				75E90E36253F129600DD1033 /* Debug */,
				75E90E37253F129600DD1033 /* Release */,
			);
			defaultConfigurationIsVisible = 0;
			defaultConfigurationName = Release;
		};
		75E90E38253F129600DD1033 /* Build configuration list for PBXNativeTarget "SwiftUI-FaceIDDemo (macOS)" */ = {
			isa = XCConfigurationList;
			buildConfigurations = (
				75E90E39253F129600DD1033 /* Debug */,
				75E90E3A253F129600DD1033 /* Release */,
			);
			defaultConfigurationIsVisible = 0;
			defaultConfigurationName = Release;
		};
/* End XCConfigurationList section */
	};
	rootObject = 75E90E15253F129400DD1033 /* Project object */;
}
